
Microsoft Visual Studio Solution File, Format Version 12.00
# Visual Studio Version 17
VisualStudioVersion = 17.12.35707.178
MinimumVisualStudioVersion = 10.0.40219.1
Project("{FAE04EC0-301F-11D3-BF4B-00C04F79EFBC}") = "UDP_Client", "tests\UDP_Client\UDP_Client.csproj", "{3A53199A-6498-4ED5-813A-9E18F1185789}"
EndProject
Project("{FAE04EC0-301F-11D3-BF4B-00C04F79EFBC}") = "UDP_Server", "src\UDP_Server\UDP_Server.csproj", "{12A60C3C-D23B-4EB5-B7D5-7657D8B3272C}"
EndProject
Global
	GlobalSection(SolutionConfigurationPlatforms) = preSolution
		Debug|Any CPU = Debug|Any CPU
		Release|Any CPU = Release|Any CPU
	EndGlobalSection
	GlobalSection(ProjectConfigurationPlatforms) = postSolution
		{3A53199A-6498-4ED5-813A-9E18F1185789}.Debug|Any CPU.ActiveCfg = Debug|Any CPU
		{3A53199A-6498-4ED5-813A-9E18F1185789}.Debug|Any CPU.Build.0 = Debug|Any CPU
		{3A53199A-6498-4ED5-813A-9E18F1185789}.Release|Any CPU.ActiveCfg = Release|Any CPU
		{3A53199A-6498-4ED5-813A-9E18F1185789}.Release|Any CPU.Build.0 = Release|Any CPU
		{12A60C3C-D23B-4EB5-B7D5-7657D8B3272C}.Debug|Any CPU.ActiveCfg = Debug|Any CPU
		{12A60C3C-D23B-4EB5-B7D5-7657D8B3272C}.Debug|Any CPU.Build.0 = Debug|Any CPU
		{12A60C3C-D23B-4EB5-B7D5-7657D8B3272C}.Release|Any CPU.ActiveCfg = Release|Any CPU
		{12A60C3C-D23B-4EB5-B7D5-7657D8B3272C}.Release|Any CPU.Build.0 = Release|Any CPU
	EndGlobalSection
	GlobalSection(SolutionProperties) = preSolution
		HideSolutionNode = FALSE
	EndGlobalSection
EndGlobal
